
Microsoft Visual Studio Solution File, Format Version 12.00
# Visual Studio 15
VisualStudioVersion = 15.0.27130.2027
MinimumVisualStudioVersion = 10.0.40219.1
Project("{FAE04EC0-301F-11D3-BF4B-00C04F79EFBC}") = "Mismatchr", "Mismatchr\Mismatchr.csproj", "{DA30F73B-E953-4980-81FB-9F0BB255CCAA}"
EndProject
Global
	GlobalSection(SolutionConfigurationPlatforms) = preSolution
		Debug|Any CPU = Debug|Any CPU
		Release|Any CPU = Release|Any CPU
	EndGlobalSection
	GlobalSection(ProjectConfigurationPlatforms) = postSolution
		{DA30F73B-E953-4980-81FB-9F0BB255CCAA}.Debug|Any CPU.ActiveCfg = Debug|Any CPU
		{DA30F73B-E953-4980-81FB-9F0BB255CCAA}.Debug|Any CPU.Build.0 = Debug|Any CPU
		{DA30F73B-E953-4980-81FB-9F0BB255CCAA}.Release|Any CPU.ActiveCfg = Release|Any CPU
		{DA30F73B-E953-4980-81FB-9F0BB255CCAA}.Release|Any CPU.Build.0 = Release|Any CPU
	EndGlobalSection
	GlobalSection(SolutionProperties) = preSolution
		HideSolutionNode = FALSE
	EndGlobalSection
	GlobalSection(ExtensibilityGlobals) = postSolution
		SolutionGuid = {29C57BFC-3018-41A8-B43D-88E9AE4E0B5B}
	EndGlobalSection
EndGlobal
